
Microsoft Visual Studio Solution File, Format Version 12.00
# Visual Studio 15
VisualStudioVersion = 15.0.27703.2042
MinimumVisualStudioVersion = 10.0.40219.1
Project("{FAE04EC0-301F-11D3-BF4B-00C04F79EFBC}") = "KasviApp.Android", "KasviApp\KasviApp.Android\KasviApp.Android.csproj", "{A9382466-F442-4D4F-9A31-9C46374071B7}"
EndProject
Project("{FAE04EC0-301F-11D3-BF4B-00C04F79EFBC}") = "KasviApp", "KasviApp\KasviApp\KasviApp.csproj", "{8DF6F2F2-6C6B-464D-90A6-8574C38D008F}"
EndProject
Global
	GlobalSection(SolutionConfigurationPlatforms) = preSolution
		Debug|Any CPU = Debug|Any CPU
		Release|Any CPU = Release|Any CPU
	EndGlobalSection
	GlobalSection(ProjectConfigurationPlatforms) = postSolution
		{A9382466-F442-4D4F-9A31-9C46374071B7}.Debug|Any CPU.ActiveCfg = Debug|Any CPU
		{A9382466-F442-4D4F-9A31-9C46374071B7}.Debug|Any CPU.Build.0 = Debug|Any CPU
		{A9382466-F442-4D4F-9A31-9C46374071B7}.Debug|Any CPU.Deploy.0 = Debug|Any CPU
		{A9382466-F442-4D4F-9A31-9C46374071B7}.Release|Any CPU.ActiveCfg = Release|Any CPU
		{A9382466-F442-4D4F-9A31-9C46374071B7}.Release|Any CPU.Build.0 = Release|Any CPU
		{A9382466-F442-4D4F-9A31-9C46374071B7}.Release|Any CPU.Deploy.0 = Release|Any CPU
		{8DF6F2F2-6C6B-464D-90A6-8574C38D008F}.Debug|Any CPU.ActiveCfg = Debug|Any CPU
		{8DF6F2F2-6C6B-464D-90A6-8574C38D008F}.Debug|Any CPU.Build.0 = Debug|Any CPU
		{8DF6F2F2-6C6B-464D-90A6-8574C38D008F}.Debug|Any CPU.Deploy.0 = Debug|Any CPU
		{8DF6F2F2-6C6B-464D-90A6-8574C38D008F}.Release|Any CPU.ActiveCfg = Release|Any CPU
		{8DF6F2F2-6C6B-464D-90A6-8574C38D008F}.Release|Any CPU.Build.0 = Release|Any CPU
		{8DF6F2F2-6C6B-464D-90A6-8574C38D008F}.Release|Any CPU.Deploy.0 = Release|Any CPU
	EndGlobalSection
	GlobalSection(SolutionProperties) = preSolution
		HideSolutionNode = FALSE
	EndGlobalSection
	GlobalSection(ExtensibilityGlobals) = postSolution
		SolutionGuid = {6CDE4174-54A6-4938-9A8D-D1936AF71D35}
	EndGlobalSection
EndGlobal
